// !$*UTF8*$!
{
	archiveVersion = 1;
	classes = {
	};
	objectVersion = 50;
	objects = {

/* Begin PBXBuildFile section */
		9CC72AD221D3FC9E0048C37B /* AppDelegate.swift in Sources */ = {isa = PBXBuildFile; fileRef = 9CC72AD121D3FC9E0048C37B /* AppDelegate.swift */; };
		9CC72AD421D3FC9E0048C37B /* ViewController.swift in Sources */ = {isa = PBXBuildFile; fileRef = 9CC72AD321D3FC9E0048C37B /* ViewController.swift */; };
		9CC72AD721D3FC9E0048C37B /* Main.storyboard in Resources */ = {isa = PBXBuildFile; fileRef = 9CC72AD521D3FC9E0048C37B /* Main.storyboard */; };
		9CC72AD921D3FCA00048C37B /* Assets.xcassets in Resources */ = {isa = PBXBuildFile; fileRef = 9CC72AD821D3FCA00048C37B /* Assets.xcassets */; };
		9CC72ADC21D3FCA00048C37B /* LaunchScreen.storyboard in Resources */ = {isa = PBXBuildFile; fileRef = 9CC72ADA21D3FCA00048C37B /* LaunchScreen.storyboard */; };
		9CC72AE421D403910048C37B /* MenuViewController.swift in Sources */ = {isa = PBXBuildFile; fileRef = 9CC72AE321D403900048C37B /* MenuViewController.swift */; };
		F5BFEBE7A01A7DAB52741CE8 /* Pods_BrasilNaMao.framework in Frameworks */ = {isa = PBXBuildFile; fileRef = 85AADC22B426E88D5C07BF21 /* Pods_BrasilNaMao.framework */; };
/* End PBXBuildFile section */

/* Begin PBXFileReference section */
		85AADC22B426E88D5C07BF21 /* Pods_BrasilNaMao.framework */ = {isa = PBXFileReference; explicitFileType = wrapper.framework; includeInIndex = 0; path = Pods_BrasilNaMao.framework; sourceTree = BUILT_PRODUCTS_DIR; };
		9CC72ACE21D3FC9E0048C37B /* BrasilNaMao.app */ = {isa = PBXFileReference; explicitFileType = wrapper.application; includeInIndex = 0; path = BrasilNaMao.app; sourceTree = BUILT_PRODUCTS_DIR; };
		9CC72AD121D3FC9E0048C37B /* AppDelegate.swift */ = {isa = PBXFileReference; lastKnownFileType = sourcecode.swift; path = AppDelegate.swift; sourceTree = "<group>"; };
		9CC72AD321D3FC9E0048C37B /* ViewController.swift */ = {isa = PBXFileReference; lastKnownFileType = sourcecode.swift; path = ViewController.swift; sourceTree = "<group>"; };
		9CC72AD621D3FC9E0048C37B /* Base */ = {isa = PBXFileReference; lastKnownFileType = file.storyboard; name = Base; path = Base.lproj/Main.storyboard; sourceTree = "<group>"; };
		9CC72AD821D3FCA00048C37B /* Assets.xcassets */ = {isa = PBXFileReference; lastKnownFileType = folder.assetcatalog; path = Assets.xcassets; sourceTree = "<group>"; };
		9CC72ADB21D3FCA00048C37B /* Base */ = {isa = PBXFileReference; lastKnownFileType = file.storyboard; name = Base; path = Base.lproj/LaunchScreen.storyboard; sourceTree = "<group>"; };
		9CC72ADD21D3FCA00048C37B /* Info.plist */ = {isa = PBXFileReference; lastKnownFileType = text.plist.xml; path = Info.plist; sourceTree = "<group>"; };
		9CC72AE321D403900048C37B /* MenuViewController.swift */ = {isa = PBXFileReference; fileEncoding = 4; lastKnownFileType = sourcecode.swift; path = MenuViewController.swift; sourceTree = "<group>"; };
		9CC72AE921D406F20048C37B /* BrasilNaMao-Bridging-Header.h */ = {isa = PBXFileReference; lastKnownFileType = sourcecode.c.h; path = "BrasilNaMao-Bridging-Header.h"; sourceTree = "<group>"; };
		A810A739BC156B5D8DBFF540 /* Pods-BrasilNaMao.debug.xcconfig */ = {isa = PBXFileReference; includeInIndex = 1; lastKnownFileType = text.xcconfig; name = "Pods-BrasilNaMao.debug.xcconfig"; path = "Pods/Target Support Files/Pods-BrasilNaMao/Pods-BrasilNaMao.debug.xcconfig"; sourceTree = "<group>"; };
		B6A592A3410667D849CA76C1 /* Pods-BrasilNaMao.release.xcconfig */ = {isa = PBXFileReference; includeInIndex = 1; lastKnownFileType = text.xcconfig; name = "Pods-BrasilNaMao.release.xcconfig"; path = "Pods/Target Support Files/Pods-BrasilNaMao/Pods-BrasilNaMao.release.xcconfig"; sourceTree = "<group>"; };
/* End PBXFileReference section */

/* Begin PBXFrameworksBuildPhase section */
		9CC72ACB21D3FC9E0048C37B /* Frameworks */ = {
			isa = PBXFrameworksBuildPhase;
			buildActionMask = 2147483647;
			files = (
				F5BFEBE7A01A7DAB52741CE8 /* Pods_BrasilNaMao.framework in Frameworks */,
			);
			runOnlyForDeploymentPostprocessing = 0;
		};
/* End PBXFrameworksBuildPhase section */

/* Begin PBXGroup section */
		175B9FAE24EDED81C34B6235 /* Pods */ = {
			isa = PBXGroup;
			children = (
				A810A739BC156B5D8DBFF540 /* Pods-BrasilNaMao.debug.xcconfig */,
				B6A592A3410667D849CA76C1 /* Pods-BrasilNaMao.release.xcconfig */,
			);
			name = Pods;
			sourceTree = "<group>";
		};
		9CC72AC521D3FC9E0048C37B = {
			isa = PBXGroup;
			children = (
				9CC72AD021D3FC9E0048C37B /* BrasilNaMao */,
				9CC72ACF21D3FC9E0048C37B /* Products */,
				175B9FAE24EDED81C34B6235 /* Pods */,
				AB33340FEB4CCA7DFCD717EA /* Frameworks */,
			);
			sourceTree = "<group>";
		};
		9CC72ACF21D3FC9E0048C37B /* Products */ = {
			isa = PBXGroup;
			children = (
				9CC72ACE21D3FC9E0048C37B /* BrasilNaMao.app */,
			);
			name = Products;
			sourceTree = "<group>";
		};
		9CC72AD021D3FC9E0048C37B /* BrasilNaMao */ = {
			isa = PBXGroup;
			children = (
				9CC72AE921D406F20048C37B /* BrasilNaMao-Bridging-Header.h */,
				9CC72AE721D404860048C37B /* Controller */,
				9CC72AE621D404800048C37B /* Model */,
				9CC72AE521D404740048C37B /* View */,
				9CC72AD121D3FC9E0048C37B /* AppDelegate.swift */,
				9CC72AD321D3FC9E0048C37B /* ViewController.swift */,
				9CC72AD521D3FC9E0048C37B /* Main.storyboard */,
				9CC72AD821D3FCA00048C37B /* Assets.xcassets */,
				9CC72ADA21D3FCA00048C37B /* LaunchScreen.storyboard */,
				9CC72ADD21D3FCA00048C37B /* Info.plist */,
			);
			path = BrasilNaMao;
			sourceTree = "<group>";
		};
		9CC72AE521D404740048C37B /* View */ = {
			isa = PBXGroup;
			children = (
			);
			path = View;
			sourceTree = "<group>";
		};
		9CC72AE621D404800048C37B /* Model */ = {
			isa = PBXGroup;
			children = (
			);
			path = Model;
			sourceTree = "<group>";
		};
		9CC72AE721D404860048C37B /* Controller */ = {
			isa = PBXGroup;
			children = (
				9CC72AE821D404900048C37B /* Menu */,
			);
			path = Controller;
			sourceTree = "<group>";
		};
		9CC72AE821D404900048C37B /* Menu */ = {
			isa = PBXGroup;
			children = (
				9CC72AE321D403900048C37B /* MenuViewController.swift */,
			);
			path = Menu;
			sourceTree = "<group>";
		};
		AB33340FEB4CCA7DFCD717EA /* Frameworks */ = {
			isa = PBXGroup;
			children = (
				85AADC22B426E88D5C07BF21 /* Pods_BrasilNaMao.framework */,
			);
			name = Frameworks;
			sourceTree = "<group>";
		};
/* End PBXGroup section */

/* Begin PBXNativeTarget section */
		9CC72ACD21D3FC9E0048C37B /* BrasilNaMao */ = {
			isa = PBXNativeTarget;
			buildConfigurationList = 9CC72AE021D3FCA00048C37B /* Build configuration list for PBXNativeTarget "BrasilNaMao" */;
			buildPhases = (
				5ACAF3E24A2D83550D95BD0E /* [CP] Check Pods Manifest.lock */,
				9CC72ACA21D3FC9E0048C37B /* Sources */,
				9CC72ACB21D3FC9E0048C37B /* Frameworks */,
				9CC72ACC21D3FC9E0048C37B /* Resources */,
				51D8E5A189C7A2DAD649AC2D /* [CP] Embed Pods Frameworks */,
			);
			buildRules = (
			);
			dependencies = (
			);
			name = BrasilNaMao;
			productName = BrasilNaMao;
			productReference = 9CC72ACE21D3FC9E0048C37B /* BrasilNaMao.app */;
			productType = "com.apple.product-type.application";
		};
/* End PBXNativeTarget section */

/* Begin PBXProject section */
		9CC72AC621D3FC9E0048C37B /* Project object */ = {
			isa = PBXProject;
			attributes = {
				LastSwiftUpdateCheck = 1010;
				LastUpgradeCheck = 1010;
				ORGANIZATIONNAME = "OliveiraCode Technologies";
				TargetAttributes = {
					9CC72ACD21D3FC9E0048C37B = {
						CreatedOnToolsVersion = 10.1;
					};
				};
			};
			buildConfigurationList = 9CC72AC921D3FC9E0048C37B /* Build configuration list for PBXProject "BrasilNaMao" */;
			compatibilityVersion = "Xcode 9.3";
			developmentRegion = en;
			hasScannedForEncodings = 0;
			knownRegions = (
				en,
				Base,
			);
			mainGroup = 9CC72AC521D3FC9E0048C37B;
			productRefGroup = 9CC72ACF21D3FC9E0048C37B /* Products */;
			projectDirPath = "";
			projectRoot = "";
			targets = (
				9CC72ACD21D3FC9E0048C37B /* BrasilNaMao */,
			);
		};
/* End PBXProject section */

/* Begin PBXResourcesBuildPhase section */
		9CC72ACC21D3FC9E0048C37B /* Resources */ = {
			isa = PBXResourcesBuildPhase;
			buildActionMask = 2147483647;
			files = (
				9CC72ADC21D3FCA00048C37B /* LaunchScreen.storyboard in Resources */,
				9CC72AD921D3FCA00048C37B /* Assets.xcassets in Resources */,
				9CC72AD721D3FC9E0048C37B /* Main.storyboard in Resources */,
			);
			runOnlyForDeploymentPostprocessing = 0;
		};
/* End PBXResourcesBuildPhase section */

/* Begin PBXShellScriptBuildPhase section */
		51D8E5A189C7A2DAD649AC2D /* [CP] Embed Pods Frameworks */ = {
			isa = PBXShellScriptBuildPhase;
			buildActionMask = 2147483647;
			files = (
			);
			inputFileListPaths = (
			);
			inputPaths = (
				"${SRCROOT}/Pods/Target Support Files/Pods-BrasilNaMao/Pods-BrasilNaMao-frameworks.sh",
				"${BUILT_PRODUCTS_DIR}/SWRevealViewController/SWRevealViewController.framework",
			);
			name = "[CP] Embed Pods Frameworks";
			outputFileListPaths = (
			);
			outputPaths = (
				"${TARGET_BUILD_DIR}/${FRAMEWORKS_FOLDER_PATH}/SWRevealViewController.framework",
			);
			runOnlyForDeploymentPostprocessing = 0;
			shellPath = /bin/sh;
			shellScript = "\"${SRCROOT}/Pods/Target Support Files/Pods-BrasilNaMao/Pods-BrasilNaMao-frameworks.sh\"\n";
			showEnvVarsInLog = 0;
		};
		5ACAF3E24A2D83550D95BD0E /* [CP] Check Pods Manifest.lock */ = {
			isa = PBXShellScriptBuildPhase;
			buildActionMask = 2147483647;
			files = (
			);
			inputFileListPaths = (
			);
			inputPaths = (
				"${PODS_PODFILE_DIR_PATH}/Podfile.lock",
				"${PODS_ROOT}/Manifest.lock",
			);
			name = "[CP] Check Pods Manifest.lock";
			outputFileListPaths = (
			);
			outputPaths = (
				"$(DERIVED_FILE_DIR)/Pods-BrasilNaMao-checkManifestLockResult.txt",
			);
			runOnlyForDeploymentPostprocessing = 0;
			shellPath = /bin/sh;
			shellScript = "diff \"${PODS_PODFILE_DIR_PATH}/Podfile.lock\" \"${PODS_ROOT}/Manifest.lock\" > /dev/null\nif [ $? != 0 ] ; then\n    # print error to STDERR\n    echo \"error: The sandbox is not in sync with the Podfile.lock. Run 'pod install' or update your CocoaPods installation.\" >&2\n    exit 1\nfi\n# This output is used by Xcode 'outputs' to avoid re-running this script phase.\necho \"SUCCESS\" > \"${SCRIPT_OUTPUT_FILE_0}\"\n";
			showEnvVarsInLog = 0;
		};
/* End PBXShellScriptBuildPhase section */

/* Begin PBXSourcesBuildPhase section */
		9CC72ACA21D3FC9E0048C37B /* Sources */ = {
			isa = PBXSourcesBuildPhase;
			buildActionMask = 2147483647;
			files = (
				9CC72AD421D3FC9E0048C37B /* ViewController.swift in Sources */,
				9CC72AE421D403910048C37B /* MenuViewController.swift in Sources */,
				9CC72AD221D3FC9E0048C37B /* AppDelegate.swift in Sources */,
			);
			runOnlyForDeploymentPostprocessing = 0;
		};
/* End PBXSourcesBuildPhase section */

/* Begin PBXVariantGroup section */
		9CC72AD521D3FC9E0048C37B /* Main.storyboard */ = {
			isa = PBXVariantGroup;
			children = (
				9CC72AD621D3FC9E0048C37B /* Base */,
			);
			name = Main.storyboard;
			sourceTree = "<group>";
		};
		9CC72ADA21D3FCA00048C37B /* LaunchScreen.storyboard */ = {
			isa = PBXVariantGroup;
			children = (
				9CC72ADB21D3FCA00048C37B /* Base */,
			);
			name = LaunchScreen.storyboard;
			sourceTree = "<group>";
		};
/* End PBXVariantGroup section */

/* Begin XCBuildConfiguration section */
		9CC72ADE21D3FCA00048C37B /* Debug */ = {
			isa = XCBuildConfiguration;
			buildSettings = {
				ALWAYS_SEARCH_USER_PATHS = NO;
				CLANG_ANALYZER_NONNULL = YES;
				CLANG_ANALYZER_NUMBER_OBJECT_CONVERSION = YES_AGGRESSIVE;
				CLANG_CXX_LANGUAGE_STANDARD = "gnu++14";
				CLANG_CXX_LIBRARY = "libc++";
				CLANG_ENABLE_MODULES = YES;
				CLANG_ENABLE_OBJC_ARC = YES;
				CLANG_ENABLE_OBJC_WEAK = YES;
				CLANG_WARN_BLOCK_CAPTURE_AUTORELEASING = YES;
				CLANG_WARN_BOOL_CONVERSION = YES;
				CLANG_WARN_COMMA = YES;
				CLANG_WARN_CONSTANT_CONVERSION = YES;
				CLANG_WARN_DEPRECATED_OBJC_IMPLEMENTATIONS = YES;
				CLANG_WARN_DIRECT_OBJC_ISA_USAGE = YES_ERROR;
				CLANG_WARN_DOCUMENTATION_COMMENTS = YES;
				CLANG_WARN_EMPTY_BODY = YES;
				CLANG_WARN_ENUM_CONVERSION = YES;
				CLANG_WARN_INFINITE_RECURSION = YES;
				CLANG_WARN_INT_CONVERSION = YES;
				CLANG_WARN_NON_LITERAL_NULL_CONVERSION = YES;
				CLANG_WARN_OBJC_IMPLICIT_RETAIN_SELF = YES;
				CLANG_WARN_OBJC_LITERAL_CONVERSION = YES;
				CLANG_WARN_OBJC_ROOT_CLASS = YES_ERROR;
				CLANG_WARN_RANGE_LOOP_ANALYSIS = YES;
				CLANG_WARN_STRICT_PROTOTYPES = YES;
				CLANG_WARN_SUSPICIOUS_MOVE = YES;
				CLANG_WARN_UNGUARDED_AVAILABILITY = YES_AGGRESSIVE;
				CLANG_WARN_UNREACHABLE_CODE = YES;
				CLANG_WARN__DUPLICATE_METHOD_MATCH = YES;
				CODE_SIGN_IDENTITY = "iPhone Developer";
				COPY_PHASE_STRIP = NO;
				DEBUG_INFORMATION_FORMAT = dwarf;
				ENABLE_STRICT_OBJC_MSGSEND = YES;
				ENABLE_TESTABILITY = YES;
				GCC_C_LANGUAGE_STANDARD = gnu11;
				GCC_DYNAMIC_NO_PIC = NO;
				GCC_NO_COMMON_BLOCKS = YES;
				GCC_OPTIMIZATION_LEVEL = 0;
				GCC_PREPROCESSOR_DEFINITIONS = (
					"DEBUG=1",
					"$(inherited)",
				);
				GCC_WARN_64_TO_32_BIT_CONVERSION = YES;
				GCC_WARN_ABOUT_RETURN_TYPE = YES_ERROR;
				GCC_WARN_UNDECLARED_SELECTOR = YES;
				GCC_WARN_UNINITIALIZED_AUTOS = YES_AGGRESSIVE;
				GCC_WARN_UNUSED_FUNCTION = YES;
				GCC_WARN_UNUSED_VARIABLE = YES;
				IPHONEOS_DEPLOYMENT_TARGET = 12.1;
				MTL_ENABLE_DEBUG_INFO = INCLUDE_SOURCE;
				MTL_FAST_MATH = YES;
				ONLY_ACTIVE_ARCH = YES;
				SDKROOT = iphoneos;
				SWIFT_ACTIVE_COMPILATION_CONDITIONS = DEBUG;
				SWIFT_OPTIMIZATION_LEVEL = "-Onone";
			};
			name = Debug;
		};
		9CC72ADF21D3FCA00048C37B /* Release */ = {
			isa = XCBuildConfiguration;
			buildSettings = {
				ALWAYS_SEARCH_USER_PATHS = NO;
				CLANG_ANALYZER_NONNULL = YES;
				CLANG_ANALYZER_NUMBER_OBJECT_CONVERSION = YES_AGGRESSIVE;
				CLANG_CXX_LANGUAGE_STANDARD = "gnu++14";
				CLANG_CXX_LIBRARY = "libc++";
				CLANG_ENABLE_MODULES = YES;
				CLANG_ENABLE_OBJC_ARC = YES;
				CLANG_ENABLE_OBJC_WEAK = YES;
				CLANG_WARN_BLOCK_CAPTURE_AUTORELEASING = YES;
				CLANG_WARN_BOOL_CONVERSION = YES;
				CLANG_WARN_COMMA = YES;
				CLANG_WARN_CONSTANT_CONVERSION = YES;
				CLANG_WARN_DEPRECATED_OBJC_IMPLEMENTATIONS = YES;
				CLANG_WARN_DIRECT_OBJC_ISA_USAGE = YES_ERROR;
				CLANG_WARN_DOCUMENTATION_COMMENTS = YES;
				CLANG_WARN_EMPTY_BODY = YES;
				CLANG_WARN_ENUM_CONVERSION = YES;
				CLANG_WARN_INFINITE_RECURSION = YES;
				CLANG_WARN_INT_CONVERSION = YES;
				CLANG_WARN_NON_LITERAL_NULL_CONVERSION = YES;
				CLANG_WARN_OBJC_IMPLICIT_RETAIN_SELF = YES;
				CLANG_WARN_OBJC_LITERAL_CONVERSION = YES;
				CLANG_WARN_OBJC_ROOT_CLASS = YES_ERROR;
				CLANG_WARN_RANGE_LOOP_ANALYSIS = YES;
				CLANG_WARN_STRICT_PROTOTYPES = YES;
				CLANG_WARN_SUSPICIOUS_MOVE = YES;
				CLANG_WARN_UNGUARDED_AVAILABILITY = YES_AGGRESSIVE;
				CLANG_WARN_UNREACHABLE_CODE = YES;
				CLANG_WARN__DUPLICATE_METHOD_MATCH = YES;
				CODE_SIGN_IDENTITY = "iPhone Developer";
				COPY_PHASE_STRIP = NO;
				DEBUG_INFORMATION_FORMAT = "dwarf-with-dsym";
				ENABLE_NS_ASSERTIONS = NO;
				ENABLE_STRICT_OBJC_MSGSEND = YES;
				GCC_C_LANGUAGE_STANDARD = gnu11;
				GCC_NO_COMMON_BLOCKS = YES;
				GCC_WARN_64_TO_32_BIT_CONVERSION = YES;
				GCC_WARN_ABOUT_RETURN_TYPE = YES_ERROR;
				GCC_WARN_UNDECLARED_SELECTOR = YES;
				GCC_WARN_UNINITIALIZED_AUTOS = YES_AGGRESSIVE;
				GCC_WARN_UNUSED_FUNCTION = YES;
				GCC_WARN_UNUSED_VARIABLE = YES;
				IPHONEOS_DEPLOYMENT_TARGET = 12.1;
				MTL_ENABLE_DEBUG_INFO = NO;
				MTL_FAST_MATH = YES;
				SDKROOT = iphoneos;
				SWIFT_COMPILATION_MODE = wholemodule;
				SWIFT_OPTIMIZATION_LEVEL = "-O";
				VALIDATE_PRODUCT = YES;
			};
			name = Release;
		};
		9CC72AE121D3FCA00048C37B /* Debug */ = {
			isa = XCBuildConfiguration;
			baseConfigurationReference = A810A739BC156B5D8DBFF540 /* Pods-BrasilNaMao.debug.xcconfig */;
			buildSettings = {
				ASSETCATALOG_COMPILER_APPICON_NAME = AppIcon;
				CODE_SIGN_STYLE = Automatic;
				DEVELOPMENT_TEAM = W37KBBDQBC;
				INFOPLIST_FILE = BrasilNaMao/Info.plist;
				LD_RUNPATH_SEARCH_PATHS = (
					"$(inherited)",
					"@executable_path/Frameworks",
				);
				PRODUCT_BUNDLE_IDENTIFIER = com.oliveiracode.BrasilNaMao;
				PRODUCT_NAME = "$(TARGET_NAME)";
				SWIFT_VERSION = 4.2;
				TARGETED_DEVICE_FAMILY = 1;
			};
			name = Debug;
		};
		9CC72AE221D3FCA00048C37B /* Release */ = {
			isa = XCBuildConfiguration;
			baseConfigurationReference = B6A592A3410667D849CA76C1 /* Pods-BrasilNaMao.release.xcconfig */;
			buildSettings = {
				ASSETCATALOG_COMPILER_APPICON_NAME = AppIcon;
				CODE_SIGN_STYLE = Automatic;
				DEVELOPMENT_TEAM = W37KBBDQBC;
				INFOPLIST_FILE = BrasilNaMao/Info.plist;
				LD_RUNPATH_SEARCH_PATHS = (
					"$(inherited)",
					"@executable_path/Frameworks",
				);
				PRODUCT_BUNDLE_IDENTIFIER = com.oliveiracode.BrasilNaMao;
				PRODUCT_NAME = "$(TARGET_NAME)";
				SWIFT_VERSION = 4.2;
				TARGETED_DEVICE_FAMILY = 1;
			};
			name = Release;
		};
/* End XCBuildConfiguration section */

/* Begin XCConfigurationList section */
		9CC72AC921D3FC9E0048C37B /* Build configuration list for PBXProject "BrasilNaMao" */ = {
			isa = XCConfigurationList;
			buildConfigurations = (
				9CC72ADE21D3FCA00048C37B /* Debug */,
				9CC72ADF21D3FCA00048C37B /* Release */,
			);
			defaultConfigurationIsVisible = 0;
			defaultConfigurationName = Release;
		};
		9CC72AE021D3FCA00048C37B /* Build configuration list for PBXNativeTarget "BrasilNaMao" */ = {
			isa = XCConfigurationList;
			buildConfigurations = (
				9CC72AE121D3FCA00048C37B /* Debug */,
				9CC72AE221D3FCA00048C37B /* Release */,
			);
			defaultConfigurationIsVisible = 0;
			defaultConfigurationName = Release;
		};
/* End XCConfigurationList section */
	};
	rootObject = 9CC72AC621D3FC9E0048C37B /* Project object */;
}
