// !$*UTF8*$!
{
	archiveVersion = 1;
	classes = {
	};
	objectVersion = 50;
	objects = {

/* Begin PBXBuildFile section */
		9C01410321E504380002345D /* CategoryTableViewController.swift in Sources */ = {isa = PBXBuildFile; fileRef = 9C01410221E504380002345D /* CategoryTableViewController.swift */; };
		9C01410521E5238B0002345D /* CategoryDelegate.swift in Sources */ = {isa = PBXBuildFile; fileRef = 9C01410421E5238B0002345D /* CategoryDelegate.swift */; };
		9C25B73921E80A8E00E332F8 /* FIRFirestoreService.swift in Sources */ = {isa = PBXBuildFile; fileRef = 9C25B73821E80A8E00E332F8 /* FIRFirestoreService.swift */; };
		9C25B73B21E80CBB00E332F8 /* FIRCollectionReference.swift in Sources */ = {isa = PBXBuildFile; fileRef = 9C25B73A21E80CBB00E332F8 /* FIRCollectionReference.swift */; };
		9C25B73E21E9450F00E332F8 /* Encodable Extensions.swift in Sources */ = {isa = PBXBuildFile; fileRef = 9C25B73D21E9450F00E332F8 /* Encodable Extensions.swift */; };
		9C25B74021E947E400E332F8 /* Snapshot Extensions.swift in Sources */ = {isa = PBXBuildFile; fileRef = 9C25B73F21E947E400E332F8 /* Snapshot Extensions.swift */; };
		9C25B74221E94DB300E332F8 /* AlertServiceADM.swift in Sources */ = {isa = PBXBuildFile; fileRef = 9C25B74121E94DB300E332F8 /* AlertServiceADM.swift */; };
		9C2CD85F21D92679005F688E /* AdCell.swift in Sources */ = {isa = PBXBuildFile; fileRef = 9C2CD85D21D92679005F688E /* AdCell.swift */; };
		9C2CD86021D92679005F688E /* AdCell.xib in Resources */ = {isa = PBXBuildFile; fileRef = 9C2CD85E21D92679005F688E /* AdCell.xib */; };
		9C2CD86221D96F96005F688E /* ListTableViewController.swift in Sources */ = {isa = PBXBuildFile; fileRef = 9C2CD86121D96F96005F688E /* ListTableViewController.swift */; };
		9CC72AD221D3FC9E0048C37B /* AppDelegate.swift in Sources */ = {isa = PBXBuildFile; fileRef = 9CC72AD121D3FC9E0048C37B /* AppDelegate.swift */; };
		9CC72AD721D3FC9E0048C37B /* Main.storyboard in Resources */ = {isa = PBXBuildFile; fileRef = 9CC72AD521D3FC9E0048C37B /* Main.storyboard */; };
		9CC72AD921D3FCA00048C37B /* Assets.xcassets in Resources */ = {isa = PBXBuildFile; fileRef = 9CC72AD821D3FCA00048C37B /* Assets.xcassets */; };
		9CC72ADC21D3FCA00048C37B /* LaunchScreen.storyboard in Resources */ = {isa = PBXBuildFile; fileRef = 9CC72ADA21D3FCA00048C37B /* LaunchScreen.storyboard */; };
		9CC72AE421D403910048C37B /* MenuViewController.swift in Sources */ = {isa = PBXBuildFile; fileRef = 9CC72AE321D403900048C37B /* MenuViewController.swift */; };
		9CC72AEC21D43AB90048C37B /* AdNewCell.swift in Sources */ = {isa = PBXBuildFile; fileRef = 9CC72AEA21D43AB90048C37B /* AdNewCell.swift */; };
		9CC72AEF21D43CAB0048C37B /* AdNewCell.xib in Resources */ = {isa = PBXBuildFile; fileRef = 9CC72AEE21D43CAB0048C37B /* AdNewCell.xib */; };
		9CC72AF321D43E930048C37B /* Ad.swift in Sources */ = {isa = PBXBuildFile; fileRef = 9CC72AF021D43E930048C37B /* Ad.swift */; };
		9CC72AF421D43E930048C37B /* Address.swift in Sources */ = {isa = PBXBuildFile; fileRef = 9CC72AF121D43E930048C37B /* Address.swift */; };
		9CC72AF521D43E930048C37B /* Contact.swift in Sources */ = {isa = PBXBuildFile; fileRef = 9CC72AF221D43E930048C37B /* Contact.swift */; };
		9CC72AF721D440CD0048C37B /* MyAdTableViewController.swift in Sources */ = {isa = PBXBuildFile; fileRef = 9CC72AF621D440CD0048C37B /* MyAdTableViewController.swift */; };
		9CC72AF921D44E580048C37B /* SettingsViewController.swift in Sources */ = {isa = PBXBuildFile; fileRef = 9CC72AF821D44E580048C37B /* SettingsViewController.swift */; };
		9CC72AFB21D44E6E0048C37B /* ContactUsViewController.swift in Sources */ = {isa = PBXBuildFile; fileRef = 9CC72AFA21D44E6E0048C37B /* ContactUsViewController.swift */; };
		9CC72AFD21D44E780048C37B /* AboutViewController.swift in Sources */ = {isa = PBXBuildFile; fileRef = 9CC72AFC21D44E780048C37B /* AboutViewController.swift */; };
		9CC72AFF21D44E8A0048C37B /* ShareViewController.swift in Sources */ = {isa = PBXBuildFile; fileRef = 9CC72AFE21D44E8A0048C37B /* ShareViewController.swift */; };
		9CC72B0121D44EBA0048C37B /* TipsTableViewController.swift in Sources */ = {isa = PBXBuildFile; fileRef = 9CC72B0021D44EBA0048C37B /* TipsTableViewController.swift */; };
		9CC72B0321D44ED50048C37B /* EventsTableViewController.swift in Sources */ = {isa = PBXBuildFile; fileRef = 9CC72B0221D44ED50048C37B /* EventsTableViewController.swift */; };
		9CC72B0521D4507F0048C37B /* MapViewController.swift in Sources */ = {isa = PBXBuildFile; fileRef = 9CC72B0421D4507F0048C37B /* MapViewController.swift */; };
		9CCA9DBE21E015C900ADA845 /* Category.swift in Sources */ = {isa = PBXBuildFile; fileRef = 9CCA9DBD21E015C900ADA845 /* Category.swift */; };
		9CCA9DC021E016B800ADA845 /* AdsTableViewController.swift in Sources */ = {isa = PBXBuildFile; fileRef = 9CCA9DBF21E016B800ADA845 /* AdsTableViewController.swift */; };
		9CCA9DC221E01F4000ADA845 /* GoogleService-Info.plist in Resources */ = {isa = PBXBuildFile; fileRef = 9CCA9DC121E01F4000ADA845 /* GoogleService-Info.plist */; };
		F5BFEBE7A01A7DAB52741CE8 /* Pods_BrasilNaMao.framework in Frameworks */ = {isa = PBXBuildFile; fileRef = 85AADC22B426E88D5C07BF21 /* Pods_BrasilNaMao.framework */; };
/* End PBXBuildFile section */

/* Begin PBXFileReference section */
		85AADC22B426E88D5C07BF21 /* Pods_BrasilNaMao.framework */ = {isa = PBXFileReference; explicitFileType = wrapper.framework; includeInIndex = 0; path = Pods_BrasilNaMao.framework; sourceTree = BUILT_PRODUCTS_DIR; };
		9C01410221E504380002345D /* CategoryTableViewController.swift */ = {isa = PBXFileReference; lastKnownFileType = sourcecode.swift; path = CategoryTableViewController.swift; sourceTree = "<group>"; };
		9C01410421E5238B0002345D /* CategoryDelegate.swift */ = {isa = PBXFileReference; lastKnownFileType = sourcecode.swift; path = CategoryDelegate.swift; sourceTree = "<group>"; };
		9C25B73821E80A8E00E332F8 /* FIRFirestoreService.swift */ = {isa = PBXFileReference; lastKnownFileType = sourcecode.swift; path = FIRFirestoreService.swift; sourceTree = "<group>"; };
		9C25B73A21E80CBB00E332F8 /* FIRCollectionReference.swift */ = {isa = PBXFileReference; lastKnownFileType = sourcecode.swift; path = FIRCollectionReference.swift; sourceTree = "<group>"; };
		9C25B73D21E9450F00E332F8 /* Encodable Extensions.swift */ = {isa = PBXFileReference; lastKnownFileType = sourcecode.swift; path = "Encodable Extensions.swift"; sourceTree = "<group>"; };
		9C25B73F21E947E400E332F8 /* Snapshot Extensions.swift */ = {isa = PBXFileReference; lastKnownFileType = sourcecode.swift; path = "Snapshot Extensions.swift"; sourceTree = "<group>"; };
		9C25B74121E94DB300E332F8 /* AlertServiceADM.swift */ = {isa = PBXFileReference; lastKnownFileType = sourcecode.swift; path = AlertServiceADM.swift; sourceTree = "<group>"; };
		9C2CD85D21D92679005F688E /* AdCell.swift */ = {isa = PBXFileReference; lastKnownFileType = sourcecode.swift; path = AdCell.swift; sourceTree = "<group>"; };
		9C2CD85E21D92679005F688E /* AdCell.xib */ = {isa = PBXFileReference; lastKnownFileType = file.xib; path = AdCell.xib; sourceTree = "<group>"; };
		9C2CD86121D96F96005F688E /* ListTableViewController.swift */ = {isa = PBXFileReference; lastKnownFileType = sourcecode.swift; path = ListTableViewController.swift; sourceTree = "<group>"; };
		9CC72ACE21D3FC9E0048C37B /* BrasilNaMao.app */ = {isa = PBXFileReference; explicitFileType = wrapper.application; includeInIndex = 0; path = BrasilNaMao.app; sourceTree = BUILT_PRODUCTS_DIR; };
		9CC72AD121D3FC9E0048C37B /* AppDelegate.swift */ = {isa = PBXFileReference; lastKnownFileType = sourcecode.swift; path = AppDelegate.swift; sourceTree = "<group>"; };
		9CC72AD621D3FC9E0048C37B /* Base */ = {isa = PBXFileReference; lastKnownFileType = file.storyboard; name = Base; path = Base.lproj/Main.storyboard; sourceTree = "<group>"; };
		9CC72AD821D3FCA00048C37B /* Assets.xcassets */ = {isa = PBXFileReference; lastKnownFileType = folder.assetcatalog; path = Assets.xcassets; sourceTree = "<group>"; };
		9CC72ADB21D3FCA00048C37B /* Base */ = {isa = PBXFileReference; lastKnownFileType = file.storyboard; name = Base; path = Base.lproj/LaunchScreen.storyboard; sourceTree = "<group>"; };
		9CC72ADD21D3FCA00048C37B /* Info.plist */ = {isa = PBXFileReference; lastKnownFileType = text.plist.xml; path = Info.plist; sourceTree = "<group>"; };
		9CC72AE321D403900048C37B /* MenuViewController.swift */ = {isa = PBXFileReference; fileEncoding = 4; lastKnownFileType = sourcecode.swift; path = MenuViewController.swift; sourceTree = "<group>"; };
		9CC72AE921D406F20048C37B /* BrasilNaMao-Bridging-Header.h */ = {isa = PBXFileReference; lastKnownFileType = sourcecode.c.h; path = "BrasilNaMao-Bridging-Header.h"; sourceTree = "<group>"; };
		9CC72AEA21D43AB90048C37B /* AdNewCell.swift */ = {isa = PBXFileReference; lastKnownFileType = sourcecode.swift; path = AdNewCell.swift; sourceTree = "<group>"; };
		9CC72AEE21D43CAB0048C37B /* AdNewCell.xib */ = {isa = PBXFileReference; fileEncoding = 4; lastKnownFileType = file.xib; path = AdNewCell.xib; sourceTree = "<group>"; };
		9CC72AF021D43E930048C37B /* Ad.swift */ = {isa = PBXFileReference; fileEncoding = 4; lastKnownFileType = sourcecode.swift; path = Ad.swift; sourceTree = "<group>"; };
		9CC72AF121D43E930048C37B /* Address.swift */ = {isa = PBXFileReference; fileEncoding = 4; lastKnownFileType = sourcecode.swift; path = Address.swift; sourceTree = "<group>"; };
		9CC72AF221D43E930048C37B /* Contact.swift */ = {isa = PBXFileReference; fileEncoding = 4; lastKnownFileType = sourcecode.swift; path = Contact.swift; sourceTree = "<group>"; };
		9CC72AF621D440CD0048C37B /* MyAdTableViewController.swift */ = {isa = PBXFileReference; lastKnownFileType = sourcecode.swift; path = MyAdTableViewController.swift; sourceTree = "<group>"; };
		9CC72AF821D44E580048C37B /* SettingsViewController.swift */ = {isa = PBXFileReference; lastKnownFileType = sourcecode.swift; path = SettingsViewController.swift; sourceTree = "<group>"; };
		9CC72AFA21D44E6E0048C37B /* ContactUsViewController.swift */ = {isa = PBXFileReference; lastKnownFileType = sourcecode.swift; path = ContactUsViewController.swift; sourceTree = "<group>"; };
		9CC72AFC21D44E780048C37B /* AboutViewController.swift */ = {isa = PBXFileReference; lastKnownFileType = sourcecode.swift; path = AboutViewController.swift; sourceTree = "<group>"; };
		9CC72AFE21D44E8A0048C37B /* ShareViewController.swift */ = {isa = PBXFileReference; lastKnownFileType = sourcecode.swift; path = ShareViewController.swift; sourceTree = "<group>"; };
		9CC72B0021D44EBA0048C37B /* TipsTableViewController.swift */ = {isa = PBXFileReference; lastKnownFileType = sourcecode.swift; path = TipsTableViewController.swift; sourceTree = "<group>"; };
		9CC72B0221D44ED50048C37B /* EventsTableViewController.swift */ = {isa = PBXFileReference; lastKnownFileType = sourcecode.swift; path = EventsTableViewController.swift; sourceTree = "<group>"; };
		9CC72B0421D4507F0048C37B /* MapViewController.swift */ = {isa = PBXFileReference; lastKnownFileType = sourcecode.swift; path = MapViewController.swift; sourceTree = "<group>"; };
		9CCA9DBD21E015C900ADA845 /* Category.swift */ = {isa = PBXFileReference; lastKnownFileType = sourcecode.swift; path = Category.swift; sourceTree = "<group>"; };
		9CCA9DBF21E016B800ADA845 /* AdsTableViewController.swift */ = {isa = PBXFileReference; lastKnownFileType = sourcecode.swift; path = AdsTableViewController.swift; sourceTree = "<group>"; };
		9CCA9DC121E01F4000ADA845 /* GoogleService-Info.plist */ = {isa = PBXFileReference; fileEncoding = 4; lastKnownFileType = text.plist.xml; path = "GoogleService-Info.plist"; sourceTree = "<group>"; };
		A810A739BC156B5D8DBFF540 /* Pods-BrasilNaMao.debug.xcconfig */ = {isa = PBXFileReference; includeInIndex = 1; lastKnownFileType = text.xcconfig; name = "Pods-BrasilNaMao.debug.xcconfig"; path = "Pods/Target Support Files/Pods-BrasilNaMao/Pods-BrasilNaMao.debug.xcconfig"; sourceTree = "<group>"; };
		B6A592A3410667D849CA76C1 /* Pods-BrasilNaMao.release.xcconfig */ = {isa = PBXFileReference; includeInIndex = 1; lastKnownFileType = text.xcconfig; name = "Pods-BrasilNaMao.release.xcconfig"; path = "Pods/Target Support Files/Pods-BrasilNaMao/Pods-BrasilNaMao.release.xcconfig"; sourceTree = "<group>"; };
/* End PBXFileReference section */

/* Begin PBXFrameworksBuildPhase section */
		9CC72ACB21D3FC9E0048C37B /* Frameworks */ = {
			isa = PBXFrameworksBuildPhase;
			buildActionMask = 2147483647;
			files = (
				F5BFEBE7A01A7DAB52741CE8 /* Pods_BrasilNaMao.framework in Frameworks */,
			);
			runOnlyForDeploymentPostprocessing = 0;
		};
/* End PBXFrameworksBuildPhase section */

/* Begin PBXGroup section */
		175B9FAE24EDED81C34B6235 /* Pods */ = {
			isa = PBXGroup;
			children = (
				A810A739BC156B5D8DBFF540 /* Pods-BrasilNaMao.debug.xcconfig */,
				B6A592A3410667D849CA76C1 /* Pods-BrasilNaMao.release.xcconfig */,
			);
			name = Pods;
			sourceTree = "<group>";
		};
		9C25B73721E80A6C00E332F8 /* Services */ = {
			isa = PBXGroup;
			children = (
				9C25B73821E80A8E00E332F8 /* FIRFirestoreService.swift */,
				9C25B73A21E80CBB00E332F8 /* FIRCollectionReference.swift */,
				9C25B74121E94DB300E332F8 /* AlertServiceADM.swift */,
			);
			path = Services;
			sourceTree = "<group>";
		};
		9C25B73C21E944F700E332F8 /* Extensions */ = {
			isa = PBXGroup;
			children = (
				9C25B73D21E9450F00E332F8 /* Encodable Extensions.swift */,
				9C25B73F21E947E400E332F8 /* Snapshot Extensions.swift */,
			);
			path = Extensions;
			sourceTree = "<group>";
		};
		9CC72AC521D3FC9E0048C37B = {
			isa = PBXGroup;
			children = (
				9CC72AD021D3FC9E0048C37B /* BrasilNaMao */,
				9CC72ACF21D3FC9E0048C37B /* Products */,
				175B9FAE24EDED81C34B6235 /* Pods */,
				AB33340FEB4CCA7DFCD717EA /* Frameworks */,
			);
			sourceTree = "<group>";
		};
		9CC72ACF21D3FC9E0048C37B /* Products */ = {
			isa = PBXGroup;
			children = (
				9CC72ACE21D3FC9E0048C37B /* BrasilNaMao.app */,
			);
			name = Products;
			sourceTree = "<group>";
		};
		9CC72AD021D3FC9E0048C37B /* BrasilNaMao */ = {
			isa = PBXGroup;
			children = (
				9C25B73C21E944F700E332F8 /* Extensions */,
				9C25B73721E80A6C00E332F8 /* Services */,
				9CC72AE721D404860048C37B /* Controller */,
				9CC72AE621D404800048C37B /* Model */,
				9CC72AE521D404740048C37B /* View */,
				9CC72AD121D3FC9E0048C37B /* AppDelegate.swift */,
				9CC72AD521D3FC9E0048C37B /* Main.storyboard */,
				9CC72AD821D3FCA00048C37B /* Assets.xcassets */,
				9CC72ADA21D3FCA00048C37B /* LaunchScreen.storyboard */,
				9CCA9DC121E01F4000ADA845 /* GoogleService-Info.plist */,
				9CC72AE921D406F20048C37B /* BrasilNaMao-Bridging-Header.h */,
				9CC72ADD21D3FCA00048C37B /* Info.plist */,
			);
			path = BrasilNaMao;
			sourceTree = "<group>";
		};
		9CC72AE521D404740048C37B /* View */ = {
			isa = PBXGroup;
			children = (
				9CC72AEA21D43AB90048C37B /* AdNewCell.swift */,
				9CC72AEE21D43CAB0048C37B /* AdNewCell.xib */,
				9C2CD85D21D92679005F688E /* AdCell.swift */,
				9C2CD85E21D92679005F688E /* AdCell.xib */,
			);
			path = View;
			sourceTree = "<group>";
		};
		9CC72AE621D404800048C37B /* Model */ = {
			isa = PBXGroup;
			children = (
				9CC72AF021D43E930048C37B /* Ad.swift */,
				9CC72AF121D43E930048C37B /* Address.swift */,
				9CC72AF221D43E930048C37B /* Contact.swift */,
				9CCA9DBD21E015C900ADA845 /* Category.swift */,
			);
			path = Model;
			sourceTree = "<group>";
		};
		9CC72AE721D404860048C37B /* Controller */ = {
			isa = PBXGroup;
			children = (
				9CC72AE821D404900048C37B /* Menu */,
				9CC72AF821D44E580048C37B /* SettingsViewController.swift */,
				9CC72AF621D440CD0048C37B /* MyAdTableViewController.swift */,
				9C2CD86121D96F96005F688E /* ListTableViewController.swift */,
				9CC72AFA21D44E6E0048C37B /* ContactUsViewController.swift */,
				9CC72AFC21D44E780048C37B /* AboutViewController.swift */,
				9CC72AFE21D44E8A0048C37B /* ShareViewController.swift */,
				9CC72B0021D44EBA0048C37B /* TipsTableViewController.swift */,
				9CC72B0221D44ED50048C37B /* EventsTableViewController.swift */,
				9CC72B0421D4507F0048C37B /* MapViewController.swift */,
				9C01410221E504380002345D /* CategoryTableViewController.swift */,
				9C01410421E5238B0002345D /* CategoryDelegate.swift */,
			);
			path = Controller;
			sourceTree = "<group>";
		};
		9CC72AE821D404900048C37B /* Menu */ = {
			isa = PBXGroup;
			children = (
				9CC72AE321D403900048C37B /* MenuViewController.swift */,
				9CCA9DBF21E016B800ADA845 /* AdsTableViewController.swift */,
			);
			path = Menu;
			sourceTree = "<group>";
		};
		AB33340FEB4CCA7DFCD717EA /* Frameworks */ = {
			isa = PBXGroup;
			children = (
				85AADC22B426E88D5C07BF21 /* Pods_BrasilNaMao.framework */,
			);
			name = Frameworks;
			sourceTree = "<group>";
		};
/* End PBXGroup section */

/* Begin PBXNativeTarget section */
		9CC72ACD21D3FC9E0048C37B /* BrasilNaMao */ = {
			isa = PBXNativeTarget;
			buildConfigurationList = 9CC72AE021D3FCA00048C37B /* Build configuration list for PBXNativeTarget "BrasilNaMao" */;
			buildPhases = (
				5ACAF3E24A2D83550D95BD0E /* [CP] Check Pods Manifest.lock */,
				9CC72ACA21D3FC9E0048C37B /* Sources */,
				9CC72ACB21D3FC9E0048C37B /* Frameworks */,
				9CC72ACC21D3FC9E0048C37B /* Resources */,
				51D8E5A189C7A2DAD649AC2D /* [CP] Embed Pods Frameworks */,
			);
			buildRules = (
			);
			dependencies = (
			);
			name = BrasilNaMao;
			productName = BrasilNaMao;
			productReference = 9CC72ACE21D3FC9E0048C37B /* BrasilNaMao.app */;
			productType = "com.apple.product-type.application";
		};
/* End PBXNativeTarget section */

/* Begin PBXProject section */
		9CC72AC621D3FC9E0048C37B /* Project object */ = {
			isa = PBXProject;
			attributes = {
				LastSwiftUpdateCheck = 1010;
				LastUpgradeCheck = 1010;
				ORGANIZATIONNAME = "OliveiraCode Technologies";
				TargetAttributes = {
					9CC72ACD21D3FC9E0048C37B = {
						CreatedOnToolsVersion = 10.1;
					};
				};
			};
			buildConfigurationList = 9CC72AC921D3FC9E0048C37B /* Build configuration list for PBXProject "BrasilNaMao" */;
			compatibilityVersion = "Xcode 9.3";
			developmentRegion = en;
			hasScannedForEncodings = 0;
			knownRegions = (
				en,
				Base,
			);
			mainGroup = 9CC72AC521D3FC9E0048C37B;
			productRefGroup = 9CC72ACF21D3FC9E0048C37B /* Products */;
			projectDirPath = "";
			projectRoot = "";
			targets = (
				9CC72ACD21D3FC9E0048C37B /* BrasilNaMao */,
			);
		};
/* End PBXProject section */

/* Begin PBXResourcesBuildPhase section */
		9CC72ACC21D3FC9E0048C37B /* Resources */ = {
			isa = PBXResourcesBuildPhase;
			buildActionMask = 2147483647;
			files = (
				9C2CD86021D92679005F688E /* AdCell.xib in Resources */,
				9CC72ADC21D3FCA00048C37B /* LaunchScreen.storyboard in Resources */,
				9CC72AEF21D43CAB0048C37B /* AdNewCell.xib in Resources */,
				9CC72AD921D3FCA00048C37B /* Assets.xcassets in Resources */,
				9CC72AD721D3FC9E0048C37B /* Main.storyboard in Resources */,
				9CCA9DC221E01F4000ADA845 /* GoogleService-Info.plist in Resources */,
			);
			runOnlyForDeploymentPostprocessing = 0;
		};
/* End PBXResourcesBuildPhase section */

/* Begin PBXShellScriptBuildPhase section */
		51D8E5A189C7A2DAD649AC2D /* [CP] Embed Pods Frameworks */ = {
			isa = PBXShellScriptBuildPhase;
			buildActionMask = 2147483647;
			files = (
			);
			inputFileListPaths = (
			);
			inputPaths = (
				"${SRCROOT}/Pods/Target Support Files/Pods-BrasilNaMao/Pods-BrasilNaMao-frameworks.sh",
				"${BUILT_PRODUCTS_DIR}/BoringSSL/openssl.framework",
				"${BUILT_PRODUCTS_DIR}/GoogleUtilities/GoogleUtilities.framework",
				"${BUILT_PRODUCTS_DIR}/Protobuf/Protobuf.framework",
				"${BUILT_PRODUCTS_DIR}/SWRevealViewController/SWRevealViewController.framework",
				"${BUILT_PRODUCTS_DIR}/gRPC/GRPCClient.framework",
				"${BUILT_PRODUCTS_DIR}/gRPC-C++/grpcpp.framework",
				"${BUILT_PRODUCTS_DIR}/gRPC-Core/grpc.framework",
				"${BUILT_PRODUCTS_DIR}/gRPC-ProtoRPC/ProtoRPC.framework",
				"${BUILT_PRODUCTS_DIR}/gRPC-RxLibrary/RxLibrary.framework",
				"${BUILT_PRODUCTS_DIR}/leveldb-library/leveldb.framework",
				"${BUILT_PRODUCTS_DIR}/nanopb/nanopb.framework",
			);
			name = "[CP] Embed Pods Frameworks";
			outputFileListPaths = (
			);
			outputPaths = (
				"${TARGET_BUILD_DIR}/${FRAMEWORKS_FOLDER_PATH}/openssl.framework",
				"${TARGET_BUILD_DIR}/${FRAMEWORKS_FOLDER_PATH}/GoogleUtilities.framework",
				"${TARGET_BUILD_DIR}/${FRAMEWORKS_FOLDER_PATH}/Protobuf.framework",
				"${TARGET_BUILD_DIR}/${FRAMEWORKS_FOLDER_PATH}/SWRevealViewController.framework",
				"${TARGET_BUILD_DIR}/${FRAMEWORKS_FOLDER_PATH}/GRPCClient.framework",
				"${TARGET_BUILD_DIR}/${FRAMEWORKS_FOLDER_PATH}/grpcpp.framework",
				"${TARGET_BUILD_DIR}/${FRAMEWORKS_FOLDER_PATH}/grpc.framework",
				"${TARGET_BUILD_DIR}/${FRAMEWORKS_FOLDER_PATH}/ProtoRPC.framework",
				"${TARGET_BUILD_DIR}/${FRAMEWORKS_FOLDER_PATH}/RxLibrary.framework",
				"${TARGET_BUILD_DIR}/${FRAMEWORKS_FOLDER_PATH}/leveldb.framework",
				"${TARGET_BUILD_DIR}/${FRAMEWORKS_FOLDER_PATH}/nanopb.framework",
			);
			runOnlyForDeploymentPostprocessing = 0;
			shellPath = /bin/sh;
			shellScript = "\"${SRCROOT}/Pods/Target Support Files/Pods-BrasilNaMao/Pods-BrasilNaMao-frameworks.sh\"\n";
			showEnvVarsInLog = 0;
		};
		5ACAF3E24A2D83550D95BD0E /* [CP] Check Pods Manifest.lock */ = {
			isa = PBXShellScriptBuildPhase;
			buildActionMask = 2147483647;
			files = (
			);
			inputFileListPaths = (
			);
			inputPaths = (
				"${PODS_PODFILE_DIR_PATH}/Podfile.lock",
				"${PODS_ROOT}/Manifest.lock",
			);
			name = "[CP] Check Pods Manifest.lock";
			outputFileListPaths = (
			);
			outputPaths = (
				"$(DERIVED_FILE_DIR)/Pods-BrasilNaMao-checkManifestLockResult.txt",
			);
			runOnlyForDeploymentPostprocessing = 0;
			shellPath = /bin/sh;
			shellScript = "diff \"${PODS_PODFILE_DIR_PATH}/Podfile.lock\" \"${PODS_ROOT}/Manifest.lock\" > /dev/null\nif [ $? != 0 ] ; then\n    # print error to STDERR\n    echo \"error: The sandbox is not in sync with the Podfile.lock. Run 'pod install' or update your CocoaPods installation.\" >&2\n    exit 1\nfi\n# This output is used by Xcode 'outputs' to avoid re-running this script phase.\necho \"SUCCESS\" > \"${SCRIPT_OUTPUT_FILE_0}\"\n";
			showEnvVarsInLog = 0;
		};
/* End PBXShellScriptBuildPhase section */

/* Begin PBXSourcesBuildPhase section */
		9CC72ACA21D3FC9E0048C37B /* Sources */ = {
			isa = PBXSourcesBuildPhase;
			buildActionMask = 2147483647;
			files = (
				9CC72AF421D43E930048C37B /* Address.swift in Sources */,
				9C25B73921E80A8E00E332F8 /* FIRFirestoreService.swift in Sources */,
				9C25B73E21E9450F00E332F8 /* Encodable Extensions.swift in Sources */,
				9CC72AFD21D44E780048C37B /* AboutViewController.swift in Sources */,
				9CC72AF721D440CD0048C37B /* MyAdTableViewController.swift in Sources */,
				9C2CD86221D96F96005F688E /* ListTableViewController.swift in Sources */,
				9C25B73B21E80CBB00E332F8 /* FIRCollectionReference.swift in Sources */,
				9CC72AEC21D43AB90048C37B /* AdNewCell.swift in Sources */,
				9C01410321E504380002345D /* CategoryTableViewController.swift in Sources */,
				9CC72AE421D403910048C37B /* MenuViewController.swift in Sources */,
				9CC72B0121D44EBA0048C37B /* TipsTableViewController.swift in Sources */,
				9CC72AFF21D44E8A0048C37B /* ShareViewController.swift in Sources */,
				9C25B74221E94DB300E332F8 /* AlertServiceADM.swift in Sources */,
				9CC72B0321D44ED50048C37B /* EventsTableViewController.swift in Sources */,
				9CC72AF321D43E930048C37B /* Ad.swift in Sources */,
				9CCA9DC021E016B800ADA845 /* AdsTableViewController.swift in Sources */,
				9CC72AD221D3FC9E0048C37B /* AppDelegate.swift in Sources */,
				9CCA9DBE21E015C900ADA845 /* Category.swift in Sources */,
				9CC72AFB21D44E6E0048C37B /* ContactUsViewController.swift in Sources */,
				9C2CD85F21D92679005F688E /* AdCell.swift in Sources */,
				9CC72AF521D43E930048C37B /* Contact.swift in Sources */,
				9C25B74021E947E400E332F8 /* Snapshot Extensions.swift in Sources */,
				9CC72B0521D4507F0048C37B /* MapViewController.swift in Sources */,
				9CC72AF921D44E580048C37B /* SettingsViewController.swift in Sources */,
				9C01410521E5238B0002345D /* CategoryDelegate.swift in Sources */,
			);
			runOnlyForDeploymentPostprocessing = 0;
		};
/* End PBXSourcesBuildPhase section */

/* Begin PBXVariantGroup section */
		9CC72AD521D3FC9E0048C37B /* Main.storyboard */ = {
			isa = PBXVariantGroup;
			children = (
				9CC72AD621D3FC9E0048C37B /* Base */,
			);
			name = Main.storyboard;
			sourceTree = "<group>";
		};
		9CC72ADA21D3FCA00048C37B /* LaunchScreen.storyboard */ = {
			isa = PBXVariantGroup;
			children = (
				9CC72ADB21D3FCA00048C37B /* Base */,
			);
			name = LaunchScreen.storyboard;
			sourceTree = "<group>";
		};
/* End PBXVariantGroup section */

/* Begin XCBuildConfiguration section */
		9CC72ADE21D3FCA00048C37B /* Debug */ = {
			isa = XCBuildConfiguration;
			buildSettings = {
				ALWAYS_SEARCH_USER_PATHS = NO;
				CLANG_ANALYZER_NONNULL = YES;
				CLANG_ANALYZER_NUMBER_OBJECT_CONVERSION = YES_AGGRESSIVE;
				CLANG_CXX_LANGUAGE_STANDARD = "gnu++14";
				CLANG_CXX_LIBRARY = "libc++";
				CLANG_ENABLE_MODULES = YES;
				CLANG_ENABLE_OBJC_ARC = YES;
				CLANG_ENABLE_OBJC_WEAK = YES;
				CLANG_WARN_BLOCK_CAPTURE_AUTORELEASING = YES;
				CLANG_WARN_BOOL_CONVERSION = YES;
				CLANG_WARN_COMMA = YES;
				CLANG_WARN_CONSTANT_CONVERSION = YES;
				CLANG_WARN_DEPRECATED_OBJC_IMPLEMENTATIONS = YES;
				CLANG_WARN_DIRECT_OBJC_ISA_USAGE = YES_ERROR;
				CLANG_WARN_DOCUMENTATION_COMMENTS = YES;
				CLANG_WARN_EMPTY_BODY = YES;
				CLANG_WARN_ENUM_CONVERSION = YES;
				CLANG_WARN_INFINITE_RECURSION = YES;
				CLANG_WARN_INT_CONVERSION = YES;
				CLANG_WARN_NON_LITERAL_NULL_CONVERSION = YES;
				CLANG_WARN_OBJC_IMPLICIT_RETAIN_SELF = YES;
				CLANG_WARN_OBJC_LITERAL_CONVERSION = YES;
				CLANG_WARN_OBJC_ROOT_CLASS = YES_ERROR;
				CLANG_WARN_RANGE_LOOP_ANALYSIS = YES;
				CLANG_WARN_STRICT_PROTOTYPES = YES;
				CLANG_WARN_SUSPICIOUS_MOVE = YES;
				CLANG_WARN_UNGUARDED_AVAILABILITY = YES_AGGRESSIVE;
				CLANG_WARN_UNREACHABLE_CODE = YES;
				CLANG_WARN__DUPLICATE_METHOD_MATCH = YES;
				CODE_SIGN_IDENTITY = "iPhone Developer";
				COPY_PHASE_STRIP = NO;
				DEBUG_INFORMATION_FORMAT = dwarf;
				ENABLE_STRICT_OBJC_MSGSEND = YES;
				ENABLE_TESTABILITY = YES;
				GCC_C_LANGUAGE_STANDARD = gnu11;
				GCC_DYNAMIC_NO_PIC = NO;
				GCC_NO_COMMON_BLOCKS = YES;
				GCC_OPTIMIZATION_LEVEL = 0;
				GCC_PREPROCESSOR_DEFINITIONS = (
					"DEBUG=1",
					"$(inherited)",
				);
				GCC_WARN_64_TO_32_BIT_CONVERSION = YES;
				GCC_WARN_ABOUT_RETURN_TYPE = YES_ERROR;
				GCC_WARN_UNDECLARED_SELECTOR = YES;
				GCC_WARN_UNINITIALIZED_AUTOS = YES_AGGRESSIVE;
				GCC_WARN_UNUSED_FUNCTION = YES;
				GCC_WARN_UNUSED_VARIABLE = YES;
				IPHONEOS_DEPLOYMENT_TARGET = 12.1;
				MTL_ENABLE_DEBUG_INFO = INCLUDE_SOURCE;
				MTL_FAST_MATH = YES;
				ONLY_ACTIVE_ARCH = YES;
				SDKROOT = iphoneos;
				SWIFT_ACTIVE_COMPILATION_CONDITIONS = DEBUG;
				SWIFT_OPTIMIZATION_LEVEL = "-Onone";
			};
			name = Debug;
		};
		9CC72ADF21D3FCA00048C37B /* Release */ = {
			isa = XCBuildConfiguration;
			buildSettings = {
				ALWAYS_SEARCH_USER_PATHS = NO;
				CLANG_ANALYZER_NONNULL = YES;
				CLANG_ANALYZER_NUMBER_OBJECT_CONVERSION = YES_AGGRESSIVE;
				CLANG_CXX_LANGUAGE_STANDARD = "gnu++14";
				CLANG_CXX_LIBRARY = "libc++";
				CLANG_ENABLE_MODULES = YES;
				CLANG_ENABLE_OBJC_ARC = YES;
				CLANG_ENABLE_OBJC_WEAK = YES;
				CLANG_WARN_BLOCK_CAPTURE_AUTORELEASING = YES;
				CLANG_WARN_BOOL_CONVERSION = YES;
				CLANG_WARN_COMMA = YES;
				CLANG_WARN_CONSTANT_CONVERSION = YES;
				CLANG_WARN_DEPRECATED_OBJC_IMPLEMENTATIONS = YES;
				CLANG_WARN_DIRECT_OBJC_ISA_USAGE = YES_ERROR;
				CLANG_WARN_DOCUMENTATION_COMMENTS = YES;
				CLANG_WARN_EMPTY_BODY = YES;
				CLANG_WARN_ENUM_CONVERSION = YES;
				CLANG_WARN_INFINITE_RECURSION = YES;
				CLANG_WARN_INT_CONVERSION = YES;
				CLANG_WARN_NON_LITERAL_NULL_CONVERSION = YES;
				CLANG_WARN_OBJC_IMPLICIT_RETAIN_SELF = YES;
				CLANG_WARN_OBJC_LITERAL_CONVERSION = YES;
				CLANG_WARN_OBJC_ROOT_CLASS = YES_ERROR;
				CLANG_WARN_RANGE_LOOP_ANALYSIS = YES;
				CLANG_WARN_STRICT_PROTOTYPES = YES;
				CLANG_WARN_SUSPICIOUS_MOVE = YES;
				CLANG_WARN_UNGUARDED_AVAILABILITY = YES_AGGRESSIVE;
				CLANG_WARN_UNREACHABLE_CODE = YES;
				CLANG_WARN__DUPLICATE_METHOD_MATCH = YES;
				CODE_SIGN_IDENTITY = "iPhone Developer";
				COPY_PHASE_STRIP = NO;
				DEBUG_INFORMATION_FORMAT = "dwarf-with-dsym";
				ENABLE_NS_ASSERTIONS = NO;
				ENABLE_STRICT_OBJC_MSGSEND = YES;
				GCC_C_LANGUAGE_STANDARD = gnu11;
				GCC_NO_COMMON_BLOCKS = YES;
				GCC_WARN_64_TO_32_BIT_CONVERSION = YES;
				GCC_WARN_ABOUT_RETURN_TYPE = YES_ERROR;
				GCC_WARN_UNDECLARED_SELECTOR = YES;
				GCC_WARN_UNINITIALIZED_AUTOS = YES_AGGRESSIVE;
				GCC_WARN_UNUSED_FUNCTION = YES;
				GCC_WARN_UNUSED_VARIABLE = YES;
				IPHONEOS_DEPLOYMENT_TARGET = 12.1;
				MTL_ENABLE_DEBUG_INFO = NO;
				MTL_FAST_MATH = YES;
				SDKROOT = iphoneos;
				SWIFT_COMPILATION_MODE = wholemodule;
				SWIFT_OPTIMIZATION_LEVEL = "-O";
				VALIDATE_PRODUCT = YES;
			};
			name = Release;
		};
		9CC72AE121D3FCA00048C37B /* Debug */ = {
			isa = XCBuildConfiguration;
			baseConfigurationReference = A810A739BC156B5D8DBFF540 /* Pods-BrasilNaMao.debug.xcconfig */;
			buildSettings = {
				ASSETCATALOG_COMPILER_APPICON_NAME = AppIcon;
				CODE_SIGN_STYLE = Automatic;
				DEVELOPMENT_TEAM = W37KBBDQBC;
				INFOPLIST_FILE = BrasilNaMao/Info.plist;
				IPHONEOS_DEPLOYMENT_TARGET = 12.1;
				LD_RUNPATH_SEARCH_PATHS = (
					"$(inherited)",
					"@executable_path/Frameworks",
				);
				PRODUCT_BUNDLE_IDENTIFIER = com.oliveiracode.BrasilNaMao;
				PRODUCT_NAME = "$(TARGET_NAME)";
				SWIFT_VERSION = 4.2;
				TARGETED_DEVICE_FAMILY = 1;
			};
			name = Debug;
		};
		9CC72AE221D3FCA00048C37B /* Release */ = {
			isa = XCBuildConfiguration;
			baseConfigurationReference = B6A592A3410667D849CA76C1 /* Pods-BrasilNaMao.release.xcconfig */;
			buildSettings = {
				ASSETCATALOG_COMPILER_APPICON_NAME = AppIcon;
				CODE_SIGN_STYLE = Automatic;
				DEVELOPMENT_TEAM = W37KBBDQBC;
				INFOPLIST_FILE = BrasilNaMao/Info.plist;
				IPHONEOS_DEPLOYMENT_TARGET = 12.1;
				LD_RUNPATH_SEARCH_PATHS = (
					"$(inherited)",
					"@executable_path/Frameworks",
				);
				PRODUCT_BUNDLE_IDENTIFIER = com.oliveiracode.BrasilNaMao;
				PRODUCT_NAME = "$(TARGET_NAME)";
				SWIFT_VERSION = 4.2;
				TARGETED_DEVICE_FAMILY = 1;
			};
			name = Release;
		};
/* End XCBuildConfiguration section */

/* Begin XCConfigurationList section */
		9CC72AC921D3FC9E0048C37B /* Build configuration list for PBXProject "BrasilNaMao" */ = {
			isa = XCConfigurationList;
			buildConfigurations = (
				9CC72ADE21D3FCA00048C37B /* Debug */,
				9CC72ADF21D3FCA00048C37B /* Release */,
			);
			defaultConfigurationIsVisible = 0;
			defaultConfigurationName = Release;
		};
		9CC72AE021D3FCA00048C37B /* Build configuration list for PBXNativeTarget "BrasilNaMao" */ = {
			isa = XCConfigurationList;
			buildConfigurations = (
				9CC72AE121D3FCA00048C37B /* Debug */,
				9CC72AE221D3FCA00048C37B /* Release */,
			);
			defaultConfigurationIsVisible = 0;
			defaultConfigurationName = Release;
		};
/* End XCConfigurationList section */
	};
	rootObject = 9CC72AC621D3FC9E0048C37B /* Project object */;
}
